
Microsoft Visual Studio Solution File, Format Version 12.00
# Visual Studio Version 17
VisualStudioVersion = 17.8.34525.116
MinimumVisualStudioVersion = 10.0.40219.1
Project("{FAE04EC0-301F-11D3-BF4B-00C04F79EFBC}") = "Certificador", "Certificador\Certificador.csproj", "{8809B94A-DC95-478F-A792-E456316E0A16}"
EndProject
Global
	GlobalSection(SolutionConfigurationPlatforms) = preSolution
		Debug|Any CPU = Debug|Any CPU
		Release|Any CPU = Release|Any CPU
	EndGlobalSection
	GlobalSection(ProjectConfigurationPlatforms) = postSolution
		{8809B94A-DC95-478F-A792-E456316E0A16}.Debug|Any CPU.ActiveCfg = Debug|Any CPU
		{8809B94A-DC95-478F-A792-E456316E0A16}.Debug|Any CPU.Build.0 = Debug|Any CPU
		{8809B94A-DC95-478F-A792-E456316E0A16}.Release|Any CPU.ActiveCfg = Release|Any CPU
		{8809B94A-DC95-478F-A792-E456316E0A16}.Release|Any CPU.Build.0 = Release|Any CPU
	EndGlobalSection
	GlobalSection(SolutionProperties) = preSolution
		HideSolutionNode = FALSE
	EndGlobalSection
	GlobalSection(ExtensibilityGlobals) = postSolution
		SolutionGuid = {A4B56DD7-2F8E-490E-80D7-EF043B23157E}
	EndGlobalSection
EndGlobal
